
Microsoft Visual Studio Solution File, Format Version 12.00
# Visual Studio Version 17
VisualStudioVersion = 17.0.31903.59
MinimumVisualStudioVersion = 10.0.40219.1
Project("{FAE04EC0-301F-11D3-BF4B-00C04F79EFBC}") = "Account-Service", "Account-Service\Account-Service.csproj", "{862D1BE8-996C-4BC1-B303-D682A033DD93}"
EndProject
Project("{FAE04EC0-301F-11D3-BF4B-00C04F79EFBC}") = "Transaction-Service", "Transaction-Service\Transaction-Service.csproj", "{528C0F32-019D-4936-9E3E-E02459707690}"
EndProject
Project("{FAE04EC0-301F-11D3-BF4B-00C04F79EFBC}") = "Shared", "Shared\Shared.csproj", "{AD6C956A-E449-40A2-BCE0-387C4CACF3FD}"
EndProject
Global
	GlobalSection(SolutionConfigurationPlatforms) = preSolution
		Debug|Any CPU = Debug|Any CPU
		Debug|x64 = Debug|x64
		Debug|x86 = Debug|x86
		Release|Any CPU = Release|Any CPU
		Release|x64 = Release|x64
		Release|x86 = Release|x86
	EndGlobalSection
	GlobalSection(ProjectConfigurationPlatforms) = postSolution
		{862D1BE8-996C-4BC1-B303-D682A033DD93}.Debug|Any CPU.ActiveCfg = Debug|Any CPU
		{862D1BE8-996C-4BC1-B303-D682A033DD93}.Debug|Any CPU.Build.0 = Debug|Any CPU
		{862D1BE8-996C-4BC1-B303-D682A033DD93}.Debug|x64.ActiveCfg = Debug|Any CPU
		{862D1BE8-996C-4BC1-B303-D682A033DD93}.Debug|x64.Build.0 = Debug|Any CPU
		{862D1BE8-996C-4BC1-B303-D682A033DD93}.Debug|x86.ActiveCfg = Debug|Any CPU
		{862D1BE8-996C-4BC1-B303-D682A033DD93}.Debug|x86.Build.0 = Debug|Any CPU
		{862D1BE8-996C-4BC1-B303-D682A033DD93}.Release|Any CPU.ActiveCfg = Release|Any CPU
		{862D1BE8-996C-4BC1-B303-D682A033DD93}.Release|Any CPU.Build.0 = Release|Any CPU
		{862D1BE8-996C-4BC1-B303-D682A033DD93}.Release|x64.ActiveCfg = Release|Any CPU
		{862D1BE8-996C-4BC1-B303-D682A033DD93}.Release|x64.Build.0 = Release|Any CPU
		{862D1BE8-996C-4BC1-B303-D682A033DD93}.Release|x86.ActiveCfg = Release|Any CPU
		{862D1BE8-996C-4BC1-B303-D682A033DD93}.Release|x86.Build.0 = Release|Any CPU
		{528C0F32-019D-4936-9E3E-E02459707690}.Debug|Any CPU.ActiveCfg = Debug|Any CPU
		{528C0F32-019D-4936-9E3E-E02459707690}.Debug|Any CPU.Build.0 = Debug|Any CPU
		{528C0F32-019D-4936-9E3E-E02459707690}.Debug|x64.ActiveCfg = Debug|Any CPU
		{528C0F32-019D-4936-9E3E-E02459707690}.Debug|x64.Build.0 = Debug|Any CPU
		{528C0F32-019D-4936-9E3E-E02459707690}.Debug|x86.ActiveCfg = Debug|Any CPU
		{528C0F32-019D-4936-9E3E-E02459707690}.Debug|x86.Build.0 = Debug|Any CPU
		{528C0F32-019D-4936-9E3E-E02459707690}.Release|Any CPU.ActiveCfg = Release|Any CPU
		{528C0F32-019D-4936-9E3E-E02459707690}.Release|Any CPU.Build.0 = Release|Any CPU
		{528C0F32-019D-4936-9E3E-E02459707690}.Release|x64.ActiveCfg = Release|Any CPU
		{528C0F32-019D-4936-9E3E-E02459707690}.Release|x64.Build.0 = Release|Any CPU
		{528C0F32-019D-4936-9E3E-E02459707690}.Release|x86.ActiveCfg = Release|Any CPU
		{528C0F32-019D-4936-9E3E-E02459707690}.Release|x86.Build.0 = Release|Any CPU
		{AD6C956A-E449-40A2-BCE0-387C4CACF3FD}.Debug|Any CPU.ActiveCfg = Debug|Any CPU
		{AD6C956A-E449-40A2-BCE0-387C4CACF3FD}.Debug|Any CPU.Build.0 = Debug|Any CPU
		{AD6C956A-E449-40A2-BCE0-387C4CACF3FD}.Debug|x64.ActiveCfg = Debug|Any CPU
		{AD6C956A-E449-40A2-BCE0-387C4CACF3FD}.Debug|x64.Build.0 = Debug|Any CPU
		{AD6C956A-E449-40A2-BCE0-387C4CACF3FD}.Debug|x86.ActiveCfg = Debug|Any CPU
		{AD6C956A-E449-40A2-BCE0-387C4CACF3FD}.Debug|x86.Build.0 = Debug|Any CPU
		{AD6C956A-E449-40A2-BCE0-387C4CACF3FD}.Release|Any CPU.ActiveCfg = Release|Any CPU
		{AD6C956A-E449-40A2-BCE0-387C4CACF3FD}.Release|Any CPU.Build.0 = Release|Any CPU
		{AD6C956A-E449-40A2-BCE0-387C4CACF3FD}.Release|x64.ActiveCfg = Release|Any CPU
		{AD6C956A-E449-40A2-BCE0-387C4CACF3FD}.Release|x64.Build.0 = Release|Any CPU
		{AD6C956A-E449-40A2-BCE0-387C4CACF3FD}.Release|x86.ActiveCfg = Release|Any CPU
		{AD6C956A-E449-40A2-BCE0-387C4CACF3FD}.Release|x86.Build.0 = Release|Any CPU
	EndGlobalSection
	GlobalSection(SolutionProperties) = preSolution
		HideSolutionNode = FALSE
	EndGlobalSection
EndGlobal
